
Microsoft Visual Studio Solution File, Format Version 12.00
# Visual Studio Version 17
VisualStudioVersion = 17.4.33122.133
MinimumVisualStudioVersion = 10.0.40219.1
Project("{FAE04EC0-301F-11D3-BF4B-00C04F79EFBC}") = "WebApi", "WebApi\WebApi.csproj", "{F2E37865-C77D-4A6B-998A-95DA0B4BB81A}"
EndProject
Global
	GlobalSection(SolutionConfigurationPlatforms) = preSolution
		Debug|Any CPU = Debug|Any CPU
		Release|Any CPU = Release|Any CPU
	EndGlobalSection
	GlobalSection(ProjectConfigurationPlatforms) = postSolution
		{F2E37865-C77D-4A6B-998A-95DA0B4BB81A}.Debug|Any CPU.ActiveCfg = Debug|Any CPU
		{F2E37865-C77D-4A6B-998A-95DA0B4BB81A}.Debug|Any CPU.Build.0 = Debug|Any CPU
		{F2E37865-C77D-4A6B-998A-95DA0B4BB81A}.Release|Any CPU.ActiveCfg = Release|Any CPU
		{F2E37865-C77D-4A6B-998A-95DA0B4BB81A}.Release|Any CPU.Build.0 = Release|Any CPU
	EndGlobalSection
	GlobalSection(SolutionProperties) = preSolution
		HideSolutionNode = FALSE
	EndGlobalSection
	GlobalSection(ExtensibilityGlobals) = postSolution
		SolutionGuid = {31AB8CE9-C57E-4562-8245-0FFE77A3E84C}
	EndGlobalSection
EndGlobal
